
Microsoft Visual Studio Solution File, Format Version 12.00
# Visual Studio Version 17
VisualStudioVersion = 17.4.33403.182
MinimumVisualStudioVersion = 10.0.40219.1
Project("{9A19103F-16F7-4668-BE54-9A1E7A4F7556}") = "Bootstrap5OffCanvasExample", "Bootstrap5OffCanvasExample\Bootstrap5OffCanvasExample.csproj", "{9402D70E-A9C1-4727-A757-B22DC9F5FDA2}"
EndProject
Project("{2150E333-8FDC-42A3-9474-1A3956D46DE8}") = "Solution Items", "Solution Items", "{66778063-1BD7-4F85-BF82-3C2D2DAD1AC2}"
	ProjectSection(SolutionItems) = preProject
		readme.md = readme.md
		updateBootstrap.md = updateBootstrap.md
	EndProjectSection
EndProject
Project("{9A19103F-16F7-4668-BE54-9A1E7A4F7556}") = "Bootstrap5PopoverExample", "Bootstrap5PopoverExample\Bootstrap5PopoverExample.csproj", "{1C059C28-6F86-44B8-8A32-158A1EA8EA1C}"
EndProject
Project("{9A19103F-16F7-4668-BE54-9A1E7A4F7556}") = "Bootstrap5FloatingLabelsExample", "Bootstrap5FloatingLabelsExample\Bootstrap5FloatingLabelsExample.csproj", "{D32C5421-7115-4DE8-A922-A308139462C2}"
EndProject
Project("{9A19103F-16F7-4668-BE54-9A1E7A4F7556}") = "Bootstrap5ToolTipsExample", "Bootstrap5ToolTipsExample\Bootstrap5ToolTipsExample.csproj", "{29FF3E19-6752-4220-9F82-7FAD3CCBBC0A}"
EndProject
Project("{9A19103F-16F7-4668-BE54-9A1E7A4F7556}") = "Bootstrap5ToastExample", "Bootstrap5ToastExample\Bootstrap5ToastExample.csproj", "{D87F872F-2EB2-4A5D-AB12-77B42834CC45}"
EndProject
Project("{9A19103F-16F7-4668-BE54-9A1E7A4F7556}") = "Bootstrap5SpinnersExample", "Bootstrap5SpinnersExample\Bootstrap5SpinnersExample.csproj", "{3B5579E5-13C4-4779-88A0-2A89A33BA1D4}"
EndProject
Project("{9A19103F-16F7-4668-BE54-9A1E7A4F7556}") = "Bootstrap5InputGroupExample", "Bootstrap5InputGroupExample\Bootstrap5InputGroupExample.csproj", "{557A7D5B-A083-40E5-BD53-ED944FB1A08A}"
EndProject
Project("{9A19103F-16F7-4668-BE54-9A1E7A4F7556}") = "Bootstrap5ModalExample", "Bootstrap5ModalExample\Bootstrap5ModalExample.csproj", "{63BC22E3-EB59-4716-BDCA-9069C41A38DD}"
EndProject
Project("{9A19103F-16F7-4668-BE54-9A1E7A4F7556}") = "Bootstrap5ProgressBarExample", "Bootstrap5ProgressBarExample\Bootstrap5ProgressBarExample.csproj", "{35A29F2D-FC2F-40AF-9BBD-9E46E6D290F1}"
EndProject
Project("{9A19103F-16F7-4668-BE54-9A1E7A4F7556}") = "Bootstrap5CheckBoxExample", "Bootstrap5CheckBoxExample\Bootstrap5CheckBoxExample.csproj", "{AA91F06B-7724-40EA-ABE7-CA5459D3C6FB}"
EndProject
Project("{E24C65DC-7377-472B-9ABA-BC803B73C61A}") = "Bootstrap5FormFocusStyling", "Bootstrap5FormFocusStyling\", "{E4E55780-84EC-4FBF-A176-66C6CC07871C}"
	ProjectSection(WebsiteProperties) = preProject
		TargetFrameworkMoniker = ".NETFramework,Version%3Dv4.7.2"
		Debug.AspNetCompiler.VirtualPath = "/localhost_60912"
		Debug.AspNetCompiler.PhysicalPath = "Bootstrap5FormFocusStyling\"
		Debug.AspNetCompiler.TargetPath = "PrecompiledWeb\localhost_60912\"
		Debug.AspNetCompiler.Updateable = "true"
		Debug.AspNetCompiler.ForceOverwrite = "true"
		Debug.AspNetCompiler.FixedNames = "false"
		Debug.AspNetCompiler.Debug = "True"
		Release.AspNetCompiler.VirtualPath = "/localhost_60912"
		Release.AspNetCompiler.PhysicalPath = "Bootstrap5FormFocusStyling\"
		Release.AspNetCompiler.TargetPath = "PrecompiledWeb\localhost_60912\"
		Release.AspNetCompiler.Updateable = "true"
		Release.AspNetCompiler.ForceOverwrite = "true"
		Release.AspNetCompiler.FixedNames = "false"
		Release.AspNetCompiler.Debug = "False"
		VWDPort = "60912"
		SlnRelativePath = "Bootstrap5FormFocusStyling\"
		DefaultWebSiteLanguage = "Visual Basic"
	EndProjectSection
EndProject
Project("{9A19103F-16F7-4668-BE54-9A1E7A4F7556}") = "Bootstrap5MultiSelectExample", "Bootstrap5MultiSelectExample\Bootstrap5MultiSelectExample.csproj", "{7C8BF804-08F4-470B-8C5A-A734CF0981A9}"
EndProject
Project("{2150E333-8FDC-42A3-9474-1A3956D46DE8}") = "5.3.0", "5.3.0", "{A7D3512F-51FF-449C-83E4-76C248528D36}"
EndProject
Project("{9A19103F-16F7-4668-BE54-9A1E7A4F7556}") = "TryingNewFeatures", "TryingNewFeatures\TryingNewFeatures.csproj", "{A8005322-4372-4E85-B98A-19610D3CB516}"
EndProject
Project("{9A19103F-16F7-4668-BE54-9A1E7A4F7556}") = "BootstrapInputGroupValidateExample", "BootstrapInputGroupValidateExample\BootstrapInputGroupValidateExample.csproj", "{104DE394-CC0D-4EDC-B0AD-9D36325DB20F}"
EndProject
Project("{2150E333-8FDC-42A3-9474-1A3956D46DE8}") = "5.3.1", "5.3.1", "{F8E94B9D-2139-463C-8143-DB40CB0B5DBE}"
EndProject
Project("{FAE04EC0-301F-11D3-BF4B-00C04F79EFBC}") = "Bootstrap5ColumnsExamples", "Bootstrap5ColumnsExamples\Bootstrap5ColumnsExamples.csproj", "{89AD644B-947E-4576-897A-FB8948986EC0}"
EndProject
Global
	GlobalSection(SolutionConfigurationPlatforms) = preSolution
		Debug|Any CPU = Debug|Any CPU
		Release|Any CPU = Release|Any CPU
	EndGlobalSection
	GlobalSection(ProjectConfigurationPlatforms) = postSolution
		{9402D70E-A9C1-4727-A757-B22DC9F5FDA2}.Debug|Any CPU.ActiveCfg = Debug|Any CPU
		{9402D70E-A9C1-4727-A757-B22DC9F5FDA2}.Debug|Any CPU.Build.0 = Debug|Any CPU
		{9402D70E-A9C1-4727-A757-B22DC9F5FDA2}.Release|Any CPU.ActiveCfg = Release|Any CPU
		{9402D70E-A9C1-4727-A757-B22DC9F5FDA2}.Release|Any CPU.Build.0 = Release|Any CPU
		{1C059C28-6F86-44B8-8A32-158A1EA8EA1C}.Debug|Any CPU.ActiveCfg = Debug|Any CPU
		{1C059C28-6F86-44B8-8A32-158A1EA8EA1C}.Debug|Any CPU.Build.0 = Debug|Any CPU
		{1C059C28-6F86-44B8-8A32-158A1EA8EA1C}.Release|Any CPU.ActiveCfg = Release|Any CPU
		{1C059C28-6F86-44B8-8A32-158A1EA8EA1C}.Release|Any CPU.Build.0 = Release|Any CPU
		{D32C5421-7115-4DE8-A922-A308139462C2}.Debug|Any CPU.ActiveCfg = Debug|Any CPU
		{D32C5421-7115-4DE8-A922-A308139462C2}.Debug|Any CPU.Build.0 = Debug|Any CPU
		{D32C5421-7115-4DE8-A922-A308139462C2}.Release|Any CPU.ActiveCfg = Release|Any CPU
		{D32C5421-7115-4DE8-A922-A308139462C2}.Release|Any CPU.Build.0 = Release|Any CPU
		{29FF3E19-6752-4220-9F82-7FAD3CCBBC0A}.Debug|Any CPU.ActiveCfg = Debug|Any CPU
		{29FF3E19-6752-4220-9F82-7FAD3CCBBC0A}.Debug|Any CPU.Build.0 = Debug|Any CPU
		{29FF3E19-6752-4220-9F82-7FAD3CCBBC0A}.Release|Any CPU.ActiveCfg = Release|Any CPU
		{29FF3E19-6752-4220-9F82-7FAD3CCBBC0A}.Release|Any CPU.Build.0 = Release|Any CPU
		{D87F872F-2EB2-4A5D-AB12-77B42834CC45}.Debug|Any CPU.ActiveCfg = Debug|Any CPU
		{D87F872F-2EB2-4A5D-AB12-77B42834CC45}.Debug|Any CPU.Build.0 = Debug|Any CPU
		{D87F872F-2EB2-4A5D-AB12-77B42834CC45}.Release|Any CPU.ActiveCfg = Release|Any CPU
		{D87F872F-2EB2-4A5D-AB12-77B42834CC45}.Release|Any CPU.Build.0 = Release|Any CPU
		{3B5579E5-13C4-4779-88A0-2A89A33BA1D4}.Debug|Any CPU.ActiveCfg = Debug|Any CPU
		{3B5579E5-13C4-4779-88A0-2A89A33BA1D4}.Debug|Any CPU.Build.0 = Debug|Any CPU
		{3B5579E5-13C4-4779-88A0-2A89A33BA1D4}.Release|Any CPU.ActiveCfg = Release|Any CPU
		{3B5579E5-13C4-4779-88A0-2A89A33BA1D4}.Release|Any CPU.Build.0 = Release|Any CPU
		{557A7D5B-A083-40E5-BD53-ED944FB1A08A}.Debug|Any CPU.ActiveCfg = Debug|Any CPU
		{557A7D5B-A083-40E5-BD53-ED944FB1A08A}.Debug|Any CPU.Build.0 = Debug|Any CPU
		{557A7D5B-A083-40E5-BD53-ED944FB1A08A}.Release|Any CPU.ActiveCfg = Release|Any CPU
		{557A7D5B-A083-40E5-BD53-ED944FB1A08A}.Release|Any CPU.Build.0 = Release|Any CPU
		{63BC22E3-EB59-4716-BDCA-9069C41A38DD}.Debug|Any CPU.ActiveCfg = Debug|Any CPU
		{63BC22E3-EB59-4716-BDCA-9069C41A38DD}.Debug|Any CPU.Build.0 = Debug|Any CPU
		{63BC22E3-EB59-4716-BDCA-9069C41A38DD}.Release|Any CPU.ActiveCfg = Release|Any CPU
		{63BC22E3-EB59-4716-BDCA-9069C41A38DD}.Release|Any CPU.Build.0 = Release|Any CPU
		{35A29F2D-FC2F-40AF-9BBD-9E46E6D290F1}.Debug|Any CPU.ActiveCfg = Debug|Any CPU
		{35A29F2D-FC2F-40AF-9BBD-9E46E6D290F1}.Debug|Any CPU.Build.0 = Debug|Any CPU
		{35A29F2D-FC2F-40AF-9BBD-9E46E6D290F1}.Release|Any CPU.ActiveCfg = Release|Any CPU
		{35A29F2D-FC2F-40AF-9BBD-9E46E6D290F1}.Release|Any CPU.Build.0 = Release|Any CPU
		{AA91F06B-7724-40EA-ABE7-CA5459D3C6FB}.Debug|Any CPU.ActiveCfg = Debug|Any CPU
		{AA91F06B-7724-40EA-ABE7-CA5459D3C6FB}.Debug|Any CPU.Build.0 = Debug|Any CPU
		{AA91F06B-7724-40EA-ABE7-CA5459D3C6FB}.Release|Any CPU.ActiveCfg = Release|Any CPU
		{AA91F06B-7724-40EA-ABE7-CA5459D3C6FB}.Release|Any CPU.Build.0 = Release|Any CPU
		{E4E55780-84EC-4FBF-A176-66C6CC07871C}.Debug|Any CPU.ActiveCfg = Debug|Any CPU
		{E4E55780-84EC-4FBF-A176-66C6CC07871C}.Debug|Any CPU.Build.0 = Debug|Any CPU
		{E4E55780-84EC-4FBF-A176-66C6CC07871C}.Release|Any CPU.ActiveCfg = Debug|Any CPU
		{E4E55780-84EC-4FBF-A176-66C6CC07871C}.Release|Any CPU.Build.0 = Debug|Any CPU
		{7C8BF804-08F4-470B-8C5A-A734CF0981A9}.Debug|Any CPU.ActiveCfg = Debug|Any CPU
		{7C8BF804-08F4-470B-8C5A-A734CF0981A9}.Debug|Any CPU.Build.0 = Debug|Any CPU
		{7C8BF804-08F4-470B-8C5A-A734CF0981A9}.Release|Any CPU.ActiveCfg = Release|Any CPU
		{7C8BF804-08F4-470B-8C5A-A734CF0981A9}.Release|Any CPU.Build.0 = Release|Any CPU
		{A8005322-4372-4E85-B98A-19610D3CB516}.Debug|Any CPU.ActiveCfg = Debug|Any CPU
		{A8005322-4372-4E85-B98A-19610D3CB516}.Debug|Any CPU.Build.0 = Debug|Any CPU
		{A8005322-4372-4E85-B98A-19610D3CB516}.Release|Any CPU.ActiveCfg = Release|Any CPU
		{A8005322-4372-4E85-B98A-19610D3CB516}.Release|Any CPU.Build.0 = Release|Any CPU
		{104DE394-CC0D-4EDC-B0AD-9D36325DB20F}.Debug|Any CPU.ActiveCfg = Debug|Any CPU
		{104DE394-CC0D-4EDC-B0AD-9D36325DB20F}.Debug|Any CPU.Build.0 = Debug|Any CPU
		{104DE394-CC0D-4EDC-B0AD-9D36325DB20F}.Release|Any CPU.ActiveCfg = Release|Any CPU
		{104DE394-CC0D-4EDC-B0AD-9D36325DB20F}.Release|Any CPU.Build.0 = Release|Any CPU
		{89AD644B-947E-4576-897A-FB8948986EC0}.Debug|Any CPU.ActiveCfg = Debug|Any CPU
		{89AD644B-947E-4576-897A-FB8948986EC0}.Debug|Any CPU.Build.0 = Debug|Any CPU
		{89AD644B-947E-4576-897A-FB8948986EC0}.Release|Any CPU.ActiveCfg = Release|Any CPU
		{89AD644B-947E-4576-897A-FB8948986EC0}.Release|Any CPU.Build.0 = Release|Any CPU
	EndGlobalSection
	GlobalSection(SolutionProperties) = preSolution
		HideSolutionNode = FALSE
	EndGlobalSection
	GlobalSection(NestedProjects) = preSolution
		{A8005322-4372-4E85-B98A-19610D3CB516} = {A7D3512F-51FF-449C-83E4-76C248528D36}
		{104DE394-CC0D-4EDC-B0AD-9D36325DB20F} = {A7D3512F-51FF-449C-83E4-76C248528D36}
		{89AD644B-947E-4576-897A-FB8948986EC0} = {F8E94B9D-2139-463C-8143-DB40CB0B5DBE}
	EndGlobalSection
	GlobalSection(ExtensibilityGlobals) = postSolution
		SolutionGuid = {F0318FB3-B59C-40D8-960F-3AA6B46573A5}
	EndGlobalSection
EndGlobal
