{
  "name": "DarkMLightMode",
  "lockfileVersion": 2,
  "requires": true,
  "packages": {
    "": {
      "dependencies": {
        "dark-mode-toggle": "^0.14.6"
      }
    },
    "node_modules/dark-mode-toggle": {
      "version": "0.14.6",
      "resolved": "https://registry.npmjs.org/dark-mode-toggle/-/dark-mode-toggle-0.14.6.tgz",
      "integrity": "sha512-I27vghhZXYfGqLjR90R8WnNUU6AFldMOAuBI13RsKQ16NlWCUW9aj3zj7fvel5TqGZPFOhDsoRVzbI/m+VTimQ=="
    }
  },
  "dependencies": {
    "dark-mode-toggle": {
      "version": "0.14.6",
      "resolved": "https://registry.npmjs.org/dark-mode-toggle/-/dark-mode-toggle-0.14.6.tgz",
      "integrity": "sha512-I27vghhZXYfGqLjR90R8WnNUU6AFldMOAuBI13RsKQ16NlWCUW9aj3zj7fvel5TqGZPFOhDsoRVzbI/m+VTimQ=="
    }
  }
}
