{
  "name": "Bootstrap5FormFocusStyling",
  "lockfileVersion": 2,
  "requires": true,
  "packages": {
    "": {
      "devDependencies": {
        "babel-plugin-transform-remove-console": "^6.9.4"
      }
    },
    "node_modules/babel-plugin-transform-remove-console": {
      "version": "6.9.4",
      "resolved": "https://registry.npmjs.org/babel-plugin-transform-remove-console/-/babel-plugin-transform-remove-console-6.9.4.tgz",
      "integrity": "sha512-88blrUrMX3SPiGkT1GnvVY8E/7A+k6oj3MNvUtTIxJflFzXTw1bHkuJ/y039ouhFMp2prRn5cQGzokViYi1dsg==",
      "dev": true
    }
  },
  "dependencies": {
    "babel-plugin-transform-remove-console": {
      "version": "6.9.4",
      "resolved": "https://registry.npmjs.org/babel-plugin-transform-remove-console/-/babel-plugin-transform-remove-console-6.9.4.tgz",
      "integrity": "sha512-88blrUrMX3SPiGkT1GnvVY8E/7A+k6oj3MNvUtTIxJflFzXTw1bHkuJ/y039ouhFMp2prRn5cQGzokViYi1dsg==",
      "dev": true
    }
  }
}
